{
  "pins" : [
    {
      "identity" : "onesignal-xcframework",
      "kind" : "remoteSourceControl",
      "location" : "https://github.com/OneSignal/OneSignal-XCFramework",
      "state" : {
        "revision" : "5f4a9185333f4301522bdd8d3dbb705e8e371625",
        "version" : "5.2.7"
      }
    }
  ],
  "version" : 2
}
